<?xml version="1.0" encoding="UTF-8" standalone="yes" ?>
<CodeBlocks_project_file>
	<FileVersion major="1" minor="6" />
	<Project>
		<Option title="PizzaAssignment" />
		<Option pch_mode="2" />
		<Option compiler="gcc" />
		<Build>
			<Target title="Debug">
				<Option output="bin/Debug/PizzaAssignment" prefix_auto="1" extension_auto="1" />
				<Option object_output="obj/Debug/" />
				<Option type="1" />
				<Option compiler="gcc" />
				<Compiler>
					<Add option="-g" />
					<Add directory="include/repositories" />
					<Add directory="include/service" />
				</Compiler>
			</Target>
		</Build>
		<Compiler>
			<Add option="-Wall" />
			<Add option="-fexceptions" />
		</Compiler>
		<Unit filename="include/UI/DeliveryUI.h" />
		<Unit filename="include/UI/KitchenUI.h" />
		<Unit filename="include/UI/MainUI.h" />
		<Unit filename="include/UI/ManagementUI.h" />
		<Unit filename="include/UI/SalesUI.h" />
		<Unit filename="include/models/Other.h" />
		<Unit filename="include/models/PizzaMenu.h" />
		<Unit filename="include/models/Toppings.h" />
		<Unit filename="include/models/Workplaces.h" />
		<Unit filename="include/repositories/OtherRepo.h" />
		<Unit filename="include/repositories/PizzaMenuRepo.h" />
		<Unit filename="include/repositories/ToppingRepo.h" />
		<Unit filename="include/repositories/WorkplacesRepo.h" />
		<Unit filename="include/service/OtherService.h" />
		<Unit filename="include/service/PizzaMenuService.h" />
		<Unit filename="include/service/Price.h" />
		<Unit filename="include/service/ToppingService.h" />
		<Unit filename="include/service/WorkplaceService.h" />
		<Unit filename="main.cpp" />
		<Unit filename="src/UI/DeliveryUI.cpp" />
		<Unit filename="src/UI/KitchenUI.cpp" />
		<Unit filename="src/UI/MainUI.cpp" />
		<Unit filename="src/UI/ManagementUI.cpp" />
		<Unit filename="src/UI/SalesUI.cpp" />
		<Unit filename="src/models/Other.cpp" />
		<Unit filename="src/models/PizzaMenu.cpp" />
		<Unit filename="src/models/Toppings.cpp" />
		<Unit filename="src/models/Workplaces.cpp" />
		<Unit filename="src/repositories/OtherRepo.cpp" />
		<Unit filename="src/repositories/PizzaMenuRepo.cpp" />
		<Unit filename="src/repositories/ToppingRepo.cpp" />
		<Unit filename="src/repositories/WorkplacesRepo.cpp" />
		<Unit filename="src/service/OtherService.cpp" />
		<Unit filename="src/service/PizzaMenuService.cpp" />
		<Unit filename="src/service/Price.cpp" />
		<Unit filename="src/service/ToppingService.cpp" />
		<Unit filename="src/service/WorkplaceService.cpp" />
		<Extensions>
			<code_completion />
			<envvars />
			<debugger />
			<lib_finder disable_auto="1" />
		</Extensions>
	</Project>
</CodeBlocks_project_file>
